{
  "name": "svjs-observe",
  "version": "1.2.0",
  "lockfileVersion": 1,
  "requires": true,
  "dependencies": {
    "svjs-test": {
      "version": "1.1.1",
      "resolved": "https://registry.npmjs.org/svjs-test/-/svjs-test-1.1.1.tgz",
      "integrity": "sha512-kHJ0w/8eG4y+sud6wZ7jDJneh7oQqpdZdBuXHqP4cqeR+vA8Kyfu8HoWw73wMFSe+gbod7m1jHkaWCmJ1GYi6Q==",
      "dev": true
    }
  }
}
