{
  "name": "svjs-observe",
  "version": "1.3.5",
  "lockfileVersion": 1,
  "requires": true,
  "dependencies": {
    "svjs-test": {
      "version": "1.2.0",
      "resolved": "https://registry.npmjs.org/svjs-test/-/svjs-test-1.2.0.tgz",
      "integrity": "sha512-6k/VkGz9KSfo7pga+9RjFK7H3gLWnm5KoKrWqs3vTpgWyy3K/K/6Az9q+nw49k0H6n7r4GjaxDqEvIkFu0Bxlw==",
      "dev": true
    }
  }
}
