{
  "name": "svjs-observe",
  "version": "1.0.0",
  "lockfileVersion": 1,
  "requires": true,
  "dependencies": {
    "svjs-test": {
      "version": "1.1.0",
      "resolved": "https://registry.npmjs.org/svjs-test/-/svjs-test-1.1.0.tgz",
      "integrity": "sha512-J7acTRMpNPOlt98WbPuRBF8R3Zsi8UZSgoy+AFgDaVpmk1TdlPScF/EroXn/PvW18hqNcN7Nsr2gDZ13UrnvLw==",
      "dev": true
    }
  }
}
